{
  "name": "@hexlet/code",
  "version": "1.0.0",
  "lockfileVersion": 2,
  "requires": true,
  "packages": {
    "": {
      "name": "@hexlet/code",
      "version": "1.0.0",
      "license": "ISC",
      "bin": {
        "brain-calc": "bin/brain-calc.js",
        "brain-even": "bin/brain-even.js",
        "brain-games": "bin/brain-games.js",
        "brain-gcd": "bin/brain-gcd.js",
        "brain-prime": "bin/brain-prime.js",
        "brain-progression": "bin/brain-progression.js"
      }
    }
  }
}
